
Microsoft Visual Studio Solution File, Format Version 12.00
# Visual Studio 15
VisualStudioVersion = 15.0.26730.10
MinimumVisualStudioVersion = 10.0.40219.1
Project("{f2a71f9b-5d33-465a-a702-920d77279786}") = "FabScaffold", "FabScaffold\FabScaffold.fsproj", "{F3FE839E-21DF-4EBE-87E8-63201B6A5DF8}"
EndProject
Project("{f2a71f9b-5d33-465a-a702-920d77279786}") = "FabScaffold.Android", "FabScaffold.Android\FabScaffold.Android.fsproj", "{34690293-4ABE-4A57-9871-586611AE17CC}"
EndProject
Project("{f2a71f9b-5d33-465a-a702-920d77279786}") = "FabScaffold.iOS", "FabScaffold.iOS\FabScaffold.iOS.fsproj", "{8659F286-D963-4B62-9EF3-462D601FDB85}"
EndProject
Global
	GlobalSection(SolutionConfigurationPlatforms) = preSolution
		Ad-Hoc|Any CPU = Ad-Hoc|Any CPU
		Ad-Hoc|ARM = Ad-Hoc|ARM
		Ad-Hoc|iPhone = Ad-Hoc|iPhone
		Ad-Hoc|iPhoneSimulator = Ad-Hoc|iPhoneSimulator
		Ad-Hoc|x64 = Ad-Hoc|x64
		Ad-Hoc|x86 = Ad-Hoc|x86
		AppStore|Any CPU = AppStore|Any CPU
		AppStore|ARM = AppStore|ARM
		AppStore|iPhone = AppStore|iPhone
		AppStore|iPhoneSimulator = AppStore|iPhoneSimulator
		AppStore|x64 = AppStore|x64
		AppStore|x86 = AppStore|x86
		Debug|Any CPU = Debug|Any CPU
		Debug|ARM = Debug|ARM
		Debug|iPhone = Debug|iPhone
		Debug|iPhoneSimulator = Debug|iPhoneSimulator
		Debug|x64 = Debug|x64
		Debug|x86 = Debug|x86
		Release|Any CPU = Release|Any CPU
		Release|ARM = Release|ARM
		Release|iPhone = Release|iPhone
		Release|iPhoneSimulator = Release|iPhoneSimulator
		Release|x64 = Release|x64
		Release|x86 = Release|x86
	EndGlobalSection
	GlobalSection(ProjectConfigurationPlatforms) = postSolution
		{F3FE839E-21DF-4EBE-87E8-63201B6A5DF8}.Ad-Hoc|Any CPU.ActiveCfg = Debug|Any CPU
		{F3FE839E-21DF-4EBE-87E8-63201B6A5DF8}.Ad-Hoc|Any CPU.Build.0 = Debug|Any CPU
		{F3FE839E-21DF-4EBE-87E8-63201B6A5DF8}.Ad-Hoc|ARM.ActiveCfg = Debug|Any CPU
		{F3FE839E-21DF-4EBE-87E8-63201B6A5DF8}.Ad-Hoc|ARM.Build.0 = Debug|Any CPU
		{F3FE839E-21DF-4EBE-87E8-63201B6A5DF8}.Ad-Hoc|iPhone.ActiveCfg = Debug|Any CPU
		{F3FE839E-21DF-4EBE-87E8-63201B6A5DF8}.Ad-Hoc|iPhone.Build.0 = Debug|Any CPU
		{F3FE839E-21DF-4EBE-87E8-63201B6A5DF8}.Ad-Hoc|iPhoneSimulator.ActiveCfg = Debug|Any CPU
		{F3FE839E-21DF-4EBE-87E8-63201B6A5DF8}.Ad-Hoc|iPhoneSimulator.Build.0 = Debug|Any CPU
		{F3FE839E-21DF-4EBE-87E8-63201B6A5DF8}.Ad-Hoc|x64.ActiveCfg = Debug|Any CPU
		{F3FE839E-21DF-4EBE-87E8-63201B6A5DF8}.Ad-Hoc|x64.Build.0 = Debug|Any CPU
		{F3FE839E-21DF-4EBE-87E8-63201B6A5DF8}.Ad-Hoc|x86.ActiveCfg = Debug|Any CPU
		{F3FE839E-21DF-4EBE-87E8-63201B6A5DF8}.Ad-Hoc|x86.Build.0 = Debug|Any CPU
		{F3FE839E-21DF-4EBE-87E8-63201B6A5DF8}.AppStore|Any CPU.ActiveCfg = Debug|Any CPU
		{F3FE839E-21DF-4EBE-87E8-63201B6A5DF8}.AppStore|Any CPU.Build.0 = Debug|Any CPU
		{F3FE839E-21DF-4EBE-87E8-63201B6A5DF8}.AppStore|ARM.ActiveCfg = Debug|Any CPU
		{F3FE839E-21DF-4EBE-87E8-63201B6A5DF8}.AppStore|ARM.Build.0 = Debug|Any CPU
		{F3FE839E-21DF-4EBE-87E8-63201B6A5DF8}.AppStore|iPhone.ActiveCfg = Debug|Any CPU
		{F3FE839E-21DF-4EBE-87E8-63201B6A5DF8}.AppStore|iPhone.Build.0 = Debug|Any CPU
		{F3FE839E-21DF-4EBE-87E8-63201B6A5DF8}.AppStore|iPhoneSimulator.ActiveCfg = Debug|Any CPU
		{F3FE839E-21DF-4EBE-87E8-63201B6A5DF8}.AppStore|iPhoneSimulator.Build.0 = Debug|Any CPU
		{F3FE839E-21DF-4EBE-87E8-63201B6A5DF8}.AppStore|x64.ActiveCfg = Debug|Any CPU
		{F3FE839E-21DF-4EBE-87E8-63201B6A5DF8}.AppStore|x64.Build.0 = Debug|Any CPU
		{F3FE839E-21DF-4EBE-87E8-63201B6A5DF8}.AppStore|x86.ActiveCfg = Debug|Any CPU
		{F3FE839E-21DF-4EBE-87E8-63201B6A5DF8}.AppStore|x86.Build.0 = Debug|Any CPU
		{F3FE839E-21DF-4EBE-87E8-63201B6A5DF8}.Debug|Any CPU.ActiveCfg = Debug|Any CPU
		{F3FE839E-21DF-4EBE-87E8-63201B6A5DF8}.Debug|Any CPU.Build.0 = Debug|Any CPU
		{F3FE839E-21DF-4EBE-87E8-63201B6A5DF8}.Debug|ARM.ActiveCfg = Debug|Any CPU
		{F3FE839E-21DF-4EBE-87E8-63201B6A5DF8}.Debug|ARM.Build.0 = Debug|Any CPU
		{F3FE839E-21DF-4EBE-87E8-63201B6A5DF8}.Debug|iPhone.ActiveCfg = Debug|Any CPU
		{F3FE839E-21DF-4EBE-87E8-63201B6A5DF8}.Debug|iPhone.Build.0 = Debug|Any CPU
		{F3FE839E-21DF-4EBE-87E8-63201B6A5DF8}.Debug|iPhoneSimulator.ActiveCfg = Debug|Any CPU
		{F3FE839E-21DF-4EBE-87E8-63201B6A5DF8}.Debug|iPhoneSimulator.Build.0 = Debug|Any CPU
		{F3FE839E-21DF-4EBE-87E8-63201B6A5DF8}.Debug|x64.ActiveCfg = Debug|Any CPU
		{F3FE839E-21DF-4EBE-87E8-63201B6A5DF8}.Debug|x64.Build.0 = Debug|Any CPU
		{F3FE839E-21DF-4EBE-87E8-63201B6A5DF8}.Debug|x86.ActiveCfg = Debug|Any CPU
		{F3FE839E-21DF-4EBE-87E8-63201B6A5DF8}.Debug|x86.Build.0 = Debug|Any CPU
		{F3FE839E-21DF-4EBE-87E8-63201B6A5DF8}.Release|Any CPU.ActiveCfg = Release|Any CPU
		{F3FE839E-21DF-4EBE-87E8-63201B6A5DF8}.Release|Any CPU.Build.0 = Release|Any CPU
		{F3FE839E-21DF-4EBE-87E8-63201B6A5DF8}.Release|ARM.ActiveCfg = Release|Any CPU
		{F3FE839E-21DF-4EBE-87E8-63201B6A5DF8}.Release|ARM.Build.0 = Release|Any CPU
		{F3FE839E-21DF-4EBE-87E8-63201B6A5DF8}.Release|iPhone.ActiveCfg = Release|Any CPU
		{F3FE839E-21DF-4EBE-87E8-63201B6A5DF8}.Release|iPhone.Build.0 = Release|Any CPU
		{F3FE839E-21DF-4EBE-87E8-63201B6A5DF8}.Release|iPhoneSimulator.ActiveCfg = Release|Any CPU
		{F3FE839E-21DF-4EBE-87E8-63201B6A5DF8}.Release|iPhoneSimulator.Build.0 = Release|Any CPU
		{F3FE839E-21DF-4EBE-87E8-63201B6A5DF8}.Release|x64.ActiveCfg = Release|Any CPU
		{F3FE839E-21DF-4EBE-87E8-63201B6A5DF8}.Release|x64.Build.0 = Release|Any CPU
		{F3FE839E-21DF-4EBE-87E8-63201B6A5DF8}.Release|x86.ActiveCfg = Release|Any CPU
		{F3FE839E-21DF-4EBE-87E8-63201B6A5DF8}.Release|x86.Build.0 = Release|Any CPU
		{8659F286-D963-4B62-9EF3-462D601FDB85}.Ad-Hoc|Any CPU.ActiveCfg = Ad-Hoc|iPhone
		{8659F286-D963-4B62-9EF3-462D601FDB85}.Ad-Hoc|ARM.ActiveCfg = Ad-Hoc|iPhone
		{8659F286-D963-4B62-9EF3-462D601FDB85}.Ad-Hoc|iPhone.ActiveCfg = Ad-Hoc|iPhone
		{8659F286-D963-4B62-9EF3-462D601FDB85}.Ad-Hoc|iPhone.Build.0 = Ad-Hoc|iPhone
		{8659F286-D963-4B62-9EF3-462D601FDB85}.Ad-Hoc|iPhoneSimulator.ActiveCfg = Ad-Hoc|iPhoneSimulator
		{8659F286-D963-4B62-9EF3-462D601FDB85}.Ad-Hoc|iPhoneSimulator.Build.0 = Ad-Hoc|iPhoneSimulator
		{8659F286-D963-4B62-9EF3-462D601FDB85}.Ad-Hoc|x64.ActiveCfg = Ad-Hoc|iPhone
		{8659F286-D963-4B62-9EF3-462D601FDB85}.Ad-Hoc|x86.ActiveCfg = Ad-Hoc|iPhone
		{8659F286-D963-4B62-9EF3-462D601FDB85}.AppStore|Any CPU.ActiveCfg = AppStore|iPhone
		{8659F286-D963-4B62-9EF3-462D601FDB85}.AppStore|ARM.ActiveCfg = AppStore|iPhone
		{8659F286-D963-4B62-9EF3-462D601FDB85}.AppStore|iPhone.ActiveCfg = AppStore|iPhone
		{8659F286-D963-4B62-9EF3-462D601FDB85}.AppStore|iPhone.Build.0 = AppStore|iPhone
		{8659F286-D963-4B62-9EF3-462D601FDB85}.AppStore|iPhoneSimulator.ActiveCfg = AppStore|iPhoneSimulator
		{8659F286-D963-4B62-9EF3-462D601FDB85}.AppStore|iPhoneSimulator.Build.0 = AppStore|iPhoneSimulator
		{8659F286-D963-4B62-9EF3-462D601FDB85}.AppStore|x64.ActiveCfg = AppStore|iPhone
		{8659F286-D963-4B62-9EF3-462D601FDB85}.AppStore|x86.ActiveCfg = AppStore|iPhone
		{8659F286-D963-4B62-9EF3-462D601FDB85}.Debug|Any CPU.ActiveCfg = Debug|iPhoneSimulator
		{8659F286-D963-4B62-9EF3-462D601FDB85}.Debug|ARM.ActiveCfg = Debug|iPhone
		{8659F286-D963-4B62-9EF3-462D601FDB85}.Debug|iPhone.ActiveCfg = Debug|iPhone
		{8659F286-D963-4B62-9EF3-462D601FDB85}.Debug|iPhone.Build.0 = Debug|iPhone
		{8659F286-D963-4B62-9EF3-462D601FDB85}.Debug|iPhoneSimulator.ActiveCfg = Debug|iPhoneSimulator
		{8659F286-D963-4B62-9EF3-462D601FDB85}.Debug|iPhoneSimulator.Build.0 = Debug|iPhoneSimulator
		{8659F286-D963-4B62-9EF3-462D601FDB85}.Debug|x64.ActiveCfg = Debug|iPhone
		{8659F286-D963-4B62-9EF3-462D601FDB85}.Debug|x86.ActiveCfg = Debug|iPhone
		{8659F286-D963-4B62-9EF3-462D601FDB85}.Release|Any CPU.ActiveCfg = Release|iPhone
		{8659F286-D963-4B62-9EF3-462D601FDB85}.Release|ARM.ActiveCfg = Release|iPhone
		{8659F286-D963-4B62-9EF3-462D601FDB85}.Release|iPhone.ActiveCfg = Release|iPhone
		{8659F286-D963-4B62-9EF3-462D601FDB85}.Release|iPhone.Build.0 = Release|iPhone
		{8659F286-D963-4B62-9EF3-462D601FDB85}.Release|iPhoneSimulator.ActiveCfg = Release|iPhoneSimulator
		{8659F286-D963-4B62-9EF3-462D601FDB85}.Release|iPhoneSimulator.Build.0 = Release|iPhoneSimulator
		{8659F286-D963-4B62-9EF3-462D601FDB85}.Release|x64.ActiveCfg = Release|iPhone
		{8659F286-D963-4B62-9EF3-462D601FDB85}.Release|x86.ActiveCfg = Release|iPhone
		{8659F286-D963-4B62-9EF3-462D601FDB85}.Debug|Any CPU.Build.0 = Debug|iPhoneSimulator
		{63D45669-0655-4243-8E62-5DC132733AC1}.Ad-Hoc|Any CPU.ActiveCfg = Release|x86
		{63D45669-0655-4243-8E62-5DC132733AC1}.Ad-Hoc|Any CPU.Build.0 = Release|x86
		{63D45669-0655-4243-8E62-5DC132733AC1}.Ad-Hoc|Any CPU.Deploy.0 = Release|x86
		{63D45669-0655-4243-8E62-5DC132733AC1}.Ad-Hoc|ARM.ActiveCfg = Release|ARM
		{63D45669-0655-4243-8E62-5DC132733AC1}.Ad-Hoc|ARM.Build.0 = Release|ARM
		{63D45669-0655-4243-8E62-5DC132733AC1}.Ad-Hoc|ARM.Deploy.0 = Release|ARM
		{63D45669-0655-4243-8E62-5DC132733AC1}.Ad-Hoc|iPhone.ActiveCfg = Release|x86
		{63D45669-0655-4243-8E62-5DC132733AC1}.Ad-Hoc|iPhone.Build.0 = Release|x86
		{63D45669-0655-4243-8E62-5DC132733AC1}.Ad-Hoc|iPhone.Deploy.0 = Release|x86
		{63D45669-0655-4243-8E62-5DC132733AC1}.Ad-Hoc|iPhoneSimulator.ActiveCfg = Release|x86
		{63D45669-0655-4243-8E62-5DC132733AC1}.Ad-Hoc|iPhoneSimulator.Build.0 = Release|x86
		{63D45669-0655-4243-8E62-5DC132733AC1}.Ad-Hoc|iPhoneSimulator.Deploy.0 = Release|x86
		{63D45669-0655-4243-8E62-5DC132733AC1}.Ad-Hoc|x64.ActiveCfg = Release|x64
		{63D45669-0655-4243-8E62-5DC132733AC1}.Ad-Hoc|x64.Build.0 = Release|x64
		{63D45669-0655-4243-8E62-5DC132733AC1}.Ad-Hoc|x64.Deploy.0 = Release|x64
		{63D45669-0655-4243-8E62-5DC132733AC1}.Ad-Hoc|x86.ActiveCfg = Release|x86
		{63D45669-0655-4243-8E62-5DC132733AC1}.Ad-Hoc|x86.Build.0 = Release|x86
		{63D45669-0655-4243-8E62-5DC132733AC1}.Ad-Hoc|x86.Deploy.0 = Release|x86
		{63D45669-0655-4243-8E62-5DC132733AC1}.AppStore|Any CPU.ActiveCfg = Release|x86
		{63D45669-0655-4243-8E62-5DC132733AC1}.AppStore|Any CPU.Build.0 = Release|x86
		{63D45669-0655-4243-8E62-5DC132733AC1}.AppStore|Any CPU.Deploy.0 = Release|x86
		{63D45669-0655-4243-8E62-5DC132733AC1}.AppStore|ARM.ActiveCfg = Release|ARM
		{63D45669-0655-4243-8E62-5DC132733AC1}.AppStore|ARM.Build.0 = Release|ARM
		{63D45669-0655-4243-8E62-5DC132733AC1}.AppStore|ARM.Deploy.0 = Release|ARM
		{63D45669-0655-4243-8E62-5DC132733AC1}.AppStore|iPhone.ActiveCfg = Release|x86
		{63D45669-0655-4243-8E62-5DC132733AC1}.AppStore|iPhone.Build.0 = Release|x86
		{63D45669-0655-4243-8E62-5DC132733AC1}.AppStore|iPhone.Deploy.0 = Release|x86
		{63D45669-0655-4243-8E62-5DC132733AC1}.AppStore|iPhoneSimulator.ActiveCfg = Release|x86
		{63D45669-0655-4243-8E62-5DC132733AC1}.AppStore|iPhoneSimulator.Build.0 = Release|x86
		{63D45669-0655-4243-8E62-5DC132733AC1}.AppStore|iPhoneSimulator.Deploy.0 = Release|x86
		{63D45669-0655-4243-8E62-5DC132733AC1}.AppStore|x64.ActiveCfg = Release|x64
		{63D45669-0655-4243-8E62-5DC132733AC1}.AppStore|x64.Build.0 = Release|x64
		{63D45669-0655-4243-8E62-5DC132733AC1}.AppStore|x64.Deploy.0 = Release|x64
		{63D45669-0655-4243-8E62-5DC132733AC1}.AppStore|x86.ActiveCfg = Release|x86
		{63D45669-0655-4243-8E62-5DC132733AC1}.AppStore|x86.Build.0 = Release|x86
		{63D45669-0655-4243-8E62-5DC132733AC1}.AppStore|x86.Deploy.0 = Release|x86
		{63D45669-0655-4243-8E62-5DC132733AC1}.Debug|Any CPU.ActiveCfg = Debug|x86
		{63D45669-0655-4243-8E62-5DC132733AC1}.Debug|ARM.ActiveCfg = Debug|ARM
		{63D45669-0655-4243-8E62-5DC132733AC1}.Debug|ARM.Build.0 = Debug|ARM
		{63D45669-0655-4243-8E62-5DC132733AC1}.Debug|ARM.Deploy.0 = Debug|ARM
		{63D45669-0655-4243-8E62-5DC132733AC1}.Debug|iPhone.ActiveCfg = Debug|x86
		{63D45669-0655-4243-8E62-5DC132733AC1}.Debug|iPhoneSimulator.ActiveCfg = Debug|x86
		{63D45669-0655-4243-8E62-5DC132733AC1}.Debug|x64.ActiveCfg = Debug|x64
		{63D45669-0655-4243-8E62-5DC132733AC1}.Debug|x64.Build.0 = Debug|x64
		{63D45669-0655-4243-8E62-5DC132733AC1}.Debug|x64.Deploy.0 = Debug|x64
		{63D45669-0655-4243-8E62-5DC132733AC1}.Debug|x86.ActiveCfg = Debug|x86
		{63D45669-0655-4243-8E62-5DC132733AC1}.Debug|x86.Build.0 = Debug|x86
		{63D45669-0655-4243-8E62-5DC132733AC1}.Debug|x86.Deploy.0 = Debug|x86
		{63D45669-0655-4243-8E62-5DC132733AC1}.Release|Any CPU.ActiveCfg = Release|x86
		{63D45669-0655-4243-8E62-5DC132733AC1}.Release|ARM.ActiveCfg = Release|ARM
		{63D45669-0655-4243-8E62-5DC132733AC1}.Release|ARM.Build.0 = Release|ARM
		{63D45669-0655-4243-8E62-5DC132733AC1}.Release|ARM.Deploy.0 = Release|ARM
		{63D45669-0655-4243-8E62-5DC132733AC1}.Release|iPhone.ActiveCfg = Release|x86
		{63D45669-0655-4243-8E62-5DC132733AC1}.Release|iPhoneSimulator.ActiveCfg = Release|x86
		{63D45669-0655-4243-8E62-5DC132733AC1}.Release|x64.ActiveCfg = Release|x64
		{63D45669-0655-4243-8E62-5DC132733AC1}.Release|x64.Build.0 = Release|x64
		{63D45669-0655-4243-8E62-5DC132733AC1}.Release|x64.Deploy.0 = Release|x64
		{63D45669-0655-4243-8E62-5DC132733AC1}.Release|x86.ActiveCfg = Release|x86
		{63D45669-0655-4243-8E62-5DC132733AC1}.Release|x86.Build.0 = Release|x86
		{63D45669-0655-4243-8E62-5DC132733AC1}.Release|x86.Deploy.0 = Release|x86
		{3690B78B-6465-48D8-B673-82F64CAB41A5}.Ad-Hoc|Any CPU.ActiveCfg = Release|Any CPU
		{3690B78B-6465-48D8-B673-82F64CAB41A5}.Ad-Hoc|Any CPU.Build.0 = Release|Any CPU
		{3690B78B-6465-48D8-B673-82F64CAB41A5}.Ad-Hoc|ARM.ActiveCfg = Release|Any CPU
		{3690B78B-6465-48D8-B673-82F64CAB41A5}.Ad-Hoc|ARM.Build.0 = Release|Any CPU
		{3690B78B-6465-48D8-B673-82F64CAB41A5}.Ad-Hoc|iPhone.ActiveCfg = Release|Any CPU
		{3690B78B-6465-48D8-B673-82F64CAB41A5}.Ad-Hoc|iPhone.Build.0 = Release|Any CPU
		{3690B78B-6465-48D8-B673-82F64CAB41A5}.Ad-Hoc|iPhoneSimulator.ActiveCfg = Release|Any CPU
		{3690B78B-6465-48D8-B673-82F64CAB41A5}.Ad-Hoc|iPhoneSimulator.Build.0 = Release|Any CPU
		{3690B78B-6465-48D8-B673-82F64CAB41A5}.Ad-Hoc|x64.ActiveCfg = Release|Any CPU
		{3690B78B-6465-48D8-B673-82F64CAB41A5}.Ad-Hoc|x64.Build.0 = Release|Any CPU
		{3690B78B-6465-48D8-B673-82F64CAB41A5}.Ad-Hoc|x86.ActiveCfg = Release|Any CPU
		{3690B78B-6465-48D8-B673-82F64CAB41A5}.Ad-Hoc|x86.Build.0 = Release|Any CPU
		{3690B78B-6465-48D8-B673-82F64CAB41A5}.AppStore|Any CPU.ActiveCfg = Release|Any CPU
		{3690B78B-6465-48D8-B673-82F64CAB41A5}.AppStore|Any CPU.Build.0 = Release|Any CPU
		{3690B78B-6465-48D8-B673-82F64CAB41A5}.AppStore|ARM.ActiveCfg = Release|Any CPU
		{3690B78B-6465-48D8-B673-82F64CAB41A5}.AppStore|ARM.Build.0 = Release|Any CPU
		{3690B78B-6465-48D8-B673-82F64CAB41A5}.AppStore|iPhone.ActiveCfg = Release|Any CPU
		{3690B78B-6465-48D8-B673-82F64CAB41A5}.AppStore|iPhone.Build.0 = Release|Any CPU
		{3690B78B-6465-48D8-B673-82F64CAB41A5}.AppStore|iPhoneSimulator.ActiveCfg = Release|Any CPU
		{3690B78B-6465-48D8-B673-82F64CAB41A5}.AppStore|iPhoneSimulator.Build.0 = Release|Any CPU
		{3690B78B-6465-48D8-B673-82F64CAB41A5}.AppStore|x64.ActiveCfg = Release|Any CPU
		{3690B78B-6465-48D8-B673-82F64CAB41A5}.AppStore|x64.Build.0 = Release|Any CPU
		{3690B78B-6465-48D8-B673-82F64CAB41A5}.AppStore|x86.ActiveCfg = Release|Any CPU
		{3690B78B-6465-48D8-B673-82F64CAB41A5}.AppStore|x86.Build.0 = Release|Any CPU
		{3690B78B-6465-48D8-B673-82F64CAB41A5}.Debug|Any CPU.ActiveCfg = Debug|Any CPU
		{3690B78B-6465-48D8-B673-82F64CAB41A5}.Debug|Any CPU.Build.0 = Debug|Any CPU
		{3690B78B-6465-48D8-B673-82F64CAB41A5}.Debug|ARM.ActiveCfg = Debug|Any CPU
		{3690B78B-6465-48D8-B673-82F64CAB41A5}.Debug|ARM.Build.0 = Debug|Any CPU
		{3690B78B-6465-48D8-B673-82F64CAB41A5}.Debug|iPhone.ActiveCfg = Debug|Any CPU
		{3690B78B-6465-48D8-B673-82F64CAB41A5}.Debug|iPhone.Build.0 = Debug|Any CPU
		{3690B78B-6465-48D8-B673-82F64CAB41A5}.Debug|iPhoneSimulator.ActiveCfg = Debug|Any CPU
		{3690B78B-6465-48D8-B673-82F64CAB41A5}.Debug|iPhoneSimulator.Build.0 = Debug|Any CPU
		{3690B78B-6465-48D8-B673-82F64CAB41A5}.Debug|x64.ActiveCfg = Debug|Any CPU
		{3690B78B-6465-48D8-B673-82F64CAB41A5}.Debug|x64.Build.0 = Debug|Any CPU
		{3690B78B-6465-48D8-B673-82F64CAB41A5}.Debug|x86.ActiveCfg = Debug|Any CPU
		{3690B78B-6465-48D8-B673-82F64CAB41A5}.Debug|x86.Build.0 = Debug|Any CPU
		{3690B78B-6465-48D8-B673-82F64CAB41A5}.Release|Any CPU.ActiveCfg = Release|Any CPU
		{3690B78B-6465-48D8-B673-82F64CAB41A5}.Release|Any CPU.Build.0 = Release|Any CPU
		{3690B78B-6465-48D8-B673-82F64CAB41A5}.Release|ARM.ActiveCfg = Release|Any CPU
		{3690B78B-6465-48D8-B673-82F64CAB41A5}.Release|ARM.Build.0 = Release|Any CPU
		{3690B78B-6465-48D8-B673-82F64CAB41A5}.Release|iPhone.ActiveCfg = Release|Any CPU
		{3690B78B-6465-48D8-B673-82F64CAB41A5}.Release|iPhone.Build.0 = Release|Any CPU
		{3690B78B-6465-48D8-B673-82F64CAB41A5}.Release|iPhoneSimulator.ActiveCfg = Release|Any CPU
		{3690B78B-6465-48D8-B673-82F64CAB41A5}.Release|iPhoneSimulator.Build.0 = Release|Any CPU
		{3690B78B-6465-48D8-B673-82F64CAB41A5}.Release|x64.ActiveCfg = Release|Any CPU
		{3690B78B-6465-48D8-B673-82F64CAB41A5}.Release|x64.Build.0 = Release|Any CPU
		{3690B78B-6465-48D8-B673-82F64CAB41A5}.Release|x86.ActiveCfg = Release|Any CPU
		{3690B78B-6465-48D8-B673-82F64CAB41A5}.Release|x86.Build.0 = Release|Any CPU
		{C8A5D7B9-246D-4998-88B0-ED850944D492}.Ad-Hoc|Any CPU.ActiveCfg = Release|Any CPU
		{C8A5D7B9-246D-4998-88B0-ED850944D492}.Ad-Hoc|Any CPU.Build.0 = Release|Any CPU
		{C8A5D7B9-246D-4998-88B0-ED850944D492}.Ad-Hoc|ARM.ActiveCfg = Release|Any CPU
		{C8A5D7B9-246D-4998-88B0-ED850944D492}.Ad-Hoc|ARM.Build.0 = Release|Any CPU
		{C8A5D7B9-246D-4998-88B0-ED850944D492}.Ad-Hoc|iPhone.ActiveCfg = Release|Any CPU
		{C8A5D7B9-246D-4998-88B0-ED850944D492}.Ad-Hoc|iPhone.Build.0 = Release|Any CPU
		{C8A5D7B9-246D-4998-88B0-ED850944D492}.Ad-Hoc|iPhoneSimulator.ActiveCfg = Release|Any CPU
		{C8A5D7B9-246D-4998-88B0-ED850944D492}.Ad-Hoc|iPhoneSimulator.Build.0 = Release|Any CPU
		{C8A5D7B9-246D-4998-88B0-ED850944D492}.Ad-Hoc|x64.ActiveCfg = Release|Any CPU
		{C8A5D7B9-246D-4998-88B0-ED850944D492}.Ad-Hoc|x64.Build.0 = Release|Any CPU
		{C8A5D7B9-246D-4998-88B0-ED850944D492}.Ad-Hoc|x86.ActiveCfg = Release|Any CPU
		{C8A5D7B9-246D-4998-88B0-ED850944D492}.Ad-Hoc|x86.Build.0 = Release|Any CPU
		{C8A5D7B9-246D-4998-88B0-ED850944D492}.AppStore|Any CPU.ActiveCfg = Release|Any CPU
		{C8A5D7B9-246D-4998-88B0-ED850944D492}.AppStore|Any CPU.Build.0 = Release|Any CPU
		{C8A5D7B9-246D-4998-88B0-ED850944D492}.AppStore|ARM.ActiveCfg = Release|Any CPU
		{C8A5D7B9-246D-4998-88B0-ED850944D492}.AppStore|ARM.Build.0 = Release|Any CPU
		{C8A5D7B9-246D-4998-88B0-ED850944D492}.AppStore|iPhone.ActiveCfg = Release|Any CPU
		{C8A5D7B9-246D-4998-88B0-ED850944D492}.AppStore|iPhone.Build.0 = Release|Any CPU
		{C8A5D7B9-246D-4998-88B0-ED850944D492}.AppStore|iPhoneSimulator.ActiveCfg = Release|Any CPU
		{C8A5D7B9-246D-4998-88B0-ED850944D492}.AppStore|iPhoneSimulator.Build.0 = Release|Any CPU
		{C8A5D7B9-246D-4998-88B0-ED850944D492}.AppStore|x64.ActiveCfg = Release|Any CPU
		{C8A5D7B9-246D-4998-88B0-ED850944D492}.AppStore|x64.Build.0 = Release|Any CPU
		{C8A5D7B9-246D-4998-88B0-ED850944D492}.AppStore|x86.ActiveCfg = Release|Any CPU
		{C8A5D7B9-246D-4998-88B0-ED850944D492}.AppStore|x86.Build.0 = Release|Any CPU
		{C8A5D7B9-246D-4998-88B0-ED850944D492}.Debug|Any CPU.ActiveCfg = Debug|Any CPU
		{C8A5D7B9-246D-4998-88B0-ED850944D492}.Debug|Any CPU.Build.0 = Debug|Any CPU
		{C8A5D7B9-246D-4998-88B0-ED850944D492}.Debug|ARM.ActiveCfg = Debug|Any CPU
		{C8A5D7B9-246D-4998-88B0-ED850944D492}.Debug|ARM.Build.0 = Debug|Any CPU
		{C8A5D7B9-246D-4998-88B0-ED850944D492}.Debug|iPhone.ActiveCfg = Debug|Any CPU
		{C8A5D7B9-246D-4998-88B0-ED850944D492}.Debug|iPhone.Build.0 = Debug|Any CPU
		{C8A5D7B9-246D-4998-88B0-ED850944D492}.Debug|iPhoneSimulator.ActiveCfg = Debug|Any CPU
		{C8A5D7B9-246D-4998-88B0-ED850944D492}.Debug|iPhoneSimulator.Build.0 = Debug|Any CPU
		{C8A5D7B9-246D-4998-88B0-ED850944D492}.Debug|x64.ActiveCfg = Debug|Any CPU
		{C8A5D7B9-246D-4998-88B0-ED850944D492}.Debug|x64.Build.0 = Debug|Any CPU
		{C8A5D7B9-246D-4998-88B0-ED850944D492}.Debug|x86.ActiveCfg = Debug|Any CPU
		{C8A5D7B9-246D-4998-88B0-ED850944D492}.Debug|x86.Build.0 = Debug|Any CPU
		{C8A5D7B9-246D-4998-88B0-ED850944D492}.Release|Any CPU.ActiveCfg = Release|Any CPU
		{C8A5D7B9-246D-4998-88B0-ED850944D492}.Release|Any CPU.Build.0 = Release|Any CPU
		{C8A5D7B9-246D-4998-88B0-ED850944D492}.Release|ARM.ActiveCfg = Release|Any CPU
		{C8A5D7B9-246D-4998-88B0-ED850944D492}.Release|ARM.Build.0 = Release|Any CPU
		{C8A5D7B9-246D-4998-88B0-ED850944D492}.Release|iPhone.ActiveCfg = Release|Any CPU
		{C8A5D7B9-246D-4998-88B0-ED850944D492}.Release|iPhone.Build.0 = Release|Any CPU
		{C8A5D7B9-246D-4998-88B0-ED850944D492}.Release|iPhoneSimulator.ActiveCfg = Release|Any CPU
		{C8A5D7B9-246D-4998-88B0-ED850944D492}.Release|iPhoneSimulator.Build.0 = Release|Any CPU
		{C8A5D7B9-246D-4998-88B0-ED850944D492}.Release|x64.ActiveCfg = Release|Any CPU
		{C8A5D7B9-246D-4998-88B0-ED850944D492}.Release|x64.Build.0 = Release|Any CPU
		{C8A5D7B9-246D-4998-88B0-ED850944D492}.Release|x86.ActiveCfg = Release|Any CPU
		{C8A5D7B9-246D-4998-88B0-ED850944D492}.Release|x86.Build.0 = Release|Any CPU
		{34690293-4ABE-4A57-9871-586611AE17CC}.Ad-Hoc|Any CPU.ActiveCfg = Release|Any CPU
		{34690293-4ABE-4A57-9871-586611AE17CC}.Ad-Hoc|Any CPU.Build.0 = Release|Any CPU
		{34690293-4ABE-4A57-9871-586611AE17CC}.Ad-Hoc|ARM.ActiveCfg = Release|Any CPU
		{34690293-4ABE-4A57-9871-586611AE17CC}.Ad-Hoc|ARM.Build.0 = Release|Any CPU
		{34690293-4ABE-4A57-9871-586611AE17CC}.Ad-Hoc|iPhone.ActiveCfg = Release|Any CPU
		{34690293-4ABE-4A57-9871-586611AE17CC}.Ad-Hoc|iPhone.Build.0 = Release|Any CPU
		{34690293-4ABE-4A57-9871-586611AE17CC}.Ad-Hoc|iPhoneSimulator.ActiveCfg = Release|Any CPU
		{34690293-4ABE-4A57-9871-586611AE17CC}.Ad-Hoc|iPhoneSimulator.Build.0 = Release|Any CPU
		{34690293-4ABE-4A57-9871-586611AE17CC}.Ad-Hoc|x64.ActiveCfg = Release|Any CPU
		{34690293-4ABE-4A57-9871-586611AE17CC}.Ad-Hoc|x64.Build.0 = Release|Any CPU
		{34690293-4ABE-4A57-9871-586611AE17CC}.Ad-Hoc|x86.ActiveCfg = Release|Any CPU
		{34690293-4ABE-4A57-9871-586611AE17CC}.Ad-Hoc|x86.Build.0 = Release|Any CPU
		{34690293-4ABE-4A57-9871-586611AE17CC}.AppStore|Any CPU.ActiveCfg = Release|Any CPU
		{34690293-4ABE-4A57-9871-586611AE17CC}.AppStore|Any CPU.Build.0 = Release|Any CPU
		{34690293-4ABE-4A57-9871-586611AE17CC}.AppStore|ARM.ActiveCfg = Release|Any CPU
		{34690293-4ABE-4A57-9871-586611AE17CC}.AppStore|ARM.Build.0 = Release|Any CPU
		{34690293-4ABE-4A57-9871-586611AE17CC}.AppStore|iPhone.ActiveCfg = Release|Any CPU
		{34690293-4ABE-4A57-9871-586611AE17CC}.AppStore|iPhone.Build.0 = Release|Any CPU
		{34690293-4ABE-4A57-9871-586611AE17CC}.AppStore|iPhoneSimulator.ActiveCfg = Release|Any CPU
		{34690293-4ABE-4A57-9871-586611AE17CC}.AppStore|iPhoneSimulator.Build.0 = Release|Any CPU
		{34690293-4ABE-4A57-9871-586611AE17CC}.AppStore|x64.ActiveCfg = Release|Any CPU
		{34690293-4ABE-4A57-9871-586611AE17CC}.AppStore|x64.Build.0 = Release|Any CPU
		{34690293-4ABE-4A57-9871-586611AE17CC}.AppStore|x86.ActiveCfg = Release|Any CPU
		{34690293-4ABE-4A57-9871-586611AE17CC}.AppStore|x86.Build.0 = Release|Any CPU
		{34690293-4ABE-4A57-9871-586611AE17CC}.Debug|Any CPU.ActiveCfg = Debug|Any CPU
		{34690293-4ABE-4A57-9871-586611AE17CC}.Debug|Any CPU.Build.0 = Debug|Any CPU
		{34690293-4ABE-4A57-9871-586611AE17CC}.Debug|Any CPU.Deploy.0 = Debug|Any CPU
		{34690293-4ABE-4A57-9871-586611AE17CC}.Debug|ARM.ActiveCfg = Debug|Any CPU
		{34690293-4ABE-4A57-9871-586611AE17CC}.Debug|ARM.Build.0 = Debug|Any CPU
		{34690293-4ABE-4A57-9871-586611AE17CC}.Debug|iPhone.ActiveCfg = Debug|Any CPU
		{34690293-4ABE-4A57-9871-586611AE17CC}.Debug|iPhone.Build.0 = Debug|Any CPU
		{34690293-4ABE-4A57-9871-586611AE17CC}.Debug|iPhoneSimulator.ActiveCfg = Debug|Any CPU
		{34690293-4ABE-4A57-9871-586611AE17CC}.Debug|iPhoneSimulator.Build.0 = Debug|Any CPU
		{34690293-4ABE-4A57-9871-586611AE17CC}.Debug|x64.ActiveCfg = Debug|Any CPU
		{34690293-4ABE-4A57-9871-586611AE17CC}.Debug|x64.Build.0 = Debug|Any CPU
		{34690293-4ABE-4A57-9871-586611AE17CC}.Debug|x86.ActiveCfg = Debug|Any CPU
		{34690293-4ABE-4A57-9871-586611AE17CC}.Debug|x86.Build.0 = Debug|Any CPU
		{34690293-4ABE-4A57-9871-586611AE17CC}.Release|Any CPU.ActiveCfg = Release|Any CPU
		{34690293-4ABE-4A57-9871-586611AE17CC}.Release|Any CPU.Build.0 = Release|Any CPU
		{34690293-4ABE-4A57-9871-586611AE17CC}.Release|Any CPU.Deploy.0 = Release|Any CPU
		{34690293-4ABE-4A57-9871-586611AE17CC}.Release|ARM.ActiveCfg = Release|Any CPU
		{34690293-4ABE-4A57-9871-586611AE17CC}.Release|ARM.Build.0 = Release|Any CPU
		{34690293-4ABE-4A57-9871-586611AE17CC}.Release|iPhone.ActiveCfg = Release|Any CPU
		{34690293-4ABE-4A57-9871-586611AE17CC}.Release|iPhone.Build.0 = Release|Any CPU
		{34690293-4ABE-4A57-9871-586611AE17CC}.Release|iPhoneSimulator.ActiveCfg = Release|Any CPU
		{34690293-4ABE-4A57-9871-586611AE17CC}.Release|iPhoneSimulator.Build.0 = Release|Any CPU
		{34690293-4ABE-4A57-9871-586611AE17CC}.Release|x64.ActiveCfg = Release|Any CPU
		{34690293-4ABE-4A57-9871-586611AE17CC}.Release|x64.Build.0 = Release|Any CPU
		{34690293-4ABE-4A57-9871-586611AE17CC}.Release|x86.ActiveCfg = Release|Any CPU
		{34690293-4ABE-4A57-9871-586611AE17CC}.Release|x86.Build.0 = Release|Any CPU
	EndGlobalSection
	GlobalSection(SolutionProperties) = preSolution
		HideSolutionNode = FALSE
	EndGlobalSection
	GlobalSection(ExtensibilityGlobals) = postSolution
		SolutionGuid = {F6D05029-56B8-4E45-AF2D-0E76295DDBA2}
	EndGlobalSection
EndGlobal
